
Microsoft Visual Studio Solution File, Format Version 12.00
# Visual Studio Version 16
VisualStudioVersion = 16.0.30907.101
MinimumVisualStudioVersion = 10.0.40219.1
Project("{FAE04EC0-301F-11D3-BF4B-00C04F79EFBC}") = "MoodleGradeClient", "MoodleGradeClient\MoodleGradeClient.csproj", "{1BAD3790-3F31-4FC5-B74A-EAF1892A4ACE}"
EndProject
Global
	GlobalSection(SolutionConfigurationPlatforms) = preSolution
		Debug|Any CPU = Debug|Any CPU
		Release|Any CPU = Release|Any CPU
	EndGlobalSection
	GlobalSection(ProjectConfigurationPlatforms) = postSolution
		{1BAD3790-3F31-4FC5-B74A-EAF1892A4ACE}.Debug|Any CPU.ActiveCfg = Debug|Any CPU
		{1BAD3790-3F31-4FC5-B74A-EAF1892A4ACE}.Debug|Any CPU.Build.0 = Debug|Any CPU
		{1BAD3790-3F31-4FC5-B74A-EAF1892A4ACE}.Release|Any CPU.ActiveCfg = Release|Any CPU
		{1BAD3790-3F31-4FC5-B74A-EAF1892A4ACE}.Release|Any CPU.Build.0 = Release|Any CPU
	EndGlobalSection
	GlobalSection(SolutionProperties) = preSolution
		HideSolutionNode = FALSE
	EndGlobalSection
	GlobalSection(ExtensibilityGlobals) = postSolution
		SolutionGuid = {05496374-302A-4767-A144-7D2A14635EC1}
	EndGlobalSection
EndGlobal
